<Solution>
  <Folder Name="/src/" />
  <Folder Name="/src/Application/">
    <Project Path="src/Application/MarkItDownWeb.Application.csproj" />
  </Folder>
  <Folder Name="/src/Domain/">
    <Project Path="src/Domain/MarkItDownWeb.Domain.csproj" />
  </Folder>
  <Folder Name="/src/Infrastructure/">
    <Project Path="src/Infrastructure/MarkItDownWeb.Infrastructure.csproj" />
  </Folder>
  <Folder Name="/src/Web/">
    <Project Path="src/Web/MarkItDownWeb.Web.csproj" />
  </Folder>
  <Folder Name="/tests/">
    <Project Path="tests/MarkItDownWeb.Tests/MarkItDownWeb.Tests.csproj" />
  </Folder>
</Solution>
